
Microsoft Visual Studio Solution File, Format Version 12.00
# Visual Studio Version 17
VisualStudioVersion = 17.5.002.0
MinimumVisualStudioVersion = 10.0.40219.1
Project("{2150E333-8FDC-42A3-9474-1A3956D46DE8}") = "csharp-prep", "csharp-prep", "{B84A84FB-BE58-4AE1-A6C3-534869303DB2}"
EndProject
Project("{9A19103F-16F7-4668-BE54-9A1E7A4F7556}") = "Prep1", "csharp-prep\Prep1\Prep1.csproj", "{43E1262F-092E-4468-98D1-88E8F623273A}"
EndProject
Project("{9A19103F-16F7-4668-BE54-9A1E7A4F7556}") = "Prep2", "csharp-prep\Prep2\Prep2.csproj", "{23DAC926-05ED-4EE2-84B4-B581CF9CAE06}"
EndProject
Project("{9A19103F-16F7-4668-BE54-9A1E7A4F7556}") = "Prep3", "csharp-prep\Prep3\Prep3.csproj", "{C058134E-C0EF-4DD0-AF6F-15B170839447}"
EndProject
Project("{9A19103F-16F7-4668-BE54-9A1E7A4F7556}") = "Prep4", "csharp-prep\Prep4\Prep4.csproj", "{E671D7CB-3D02-48B8-8CFE-366F749EB3A6}"
EndProject
Project("{9A19103F-16F7-4668-BE54-9A1E7A4F7556}") = "Prep5", "csharp-prep\Prep5\Prep5.csproj", "{E1EFAF68-7C26-4493-A787-E90FF54A2DF5}"
EndProject
Project("{2150E333-8FDC-42A3-9474-1A3956D46DE8}") = "final", "final", "{CCEFFF1C-95AC-480B-BFDB-2BFDE7960772}"
EndProject
Project("{9A19103F-16F7-4668-BE54-9A1E7A4F7556}") = "FinalProject", "final\FinalProject\FinalProject.csproj", "{F72B19EA-7E76-4E08-A753-9933BEA82B9D}"
EndProject
Project("{9A19103F-16F7-4668-BE54-9A1E7A4F7556}") = "Foundation1", "final\Foundation1\Foundation1.csproj", "{245E6381-B73D-479B-9DEA-60B96E3F02E0}"
EndProject
Project("{9A19103F-16F7-4668-BE54-9A1E7A4F7556}") = "Foundation2", "final\Foundation2\Foundation2.csproj", "{51E56C2A-E5E1-44F0-9127-1ED06A7AE23C}"
EndProject
Project("{9A19103F-16F7-4668-BE54-9A1E7A4F7556}") = "Foundation3", "final\Foundation3\Foundation3.csproj", "{4A122D30-4B84-4A13-AB05-71B8A8CA99C0}"
EndProject
Project("{9A19103F-16F7-4668-BE54-9A1E7A4F7556}") = "Foundation4", "final\Foundation4\Foundation4.csproj", "{471984FB-3FA5-47FA-B247-81B67911DD6C}"
EndProject
Project("{2150E333-8FDC-42A3-9474-1A3956D46DE8}") = "prepare", "prepare", "{31252BEF-69CD-4965-9D9E-AC2D57EDDFC2}"
EndProject
Project("{9A19103F-16F7-4668-BE54-9A1E7A4F7556}") = "Learning02", "prepare\Learning02\Learning02.csproj", "{53BC773F-26B9-4ACA-BA06-08FCD556EA9B}"
EndProject
Project("{9A19103F-16F7-4668-BE54-9A1E7A4F7556}") = "Learning03", "prepare\Learning03\Learning03.csproj", "{9EA7E340-18D0-41F0-848C-56477DD01F41}"
EndProject
Project("{9A19103F-16F7-4668-BE54-9A1E7A4F7556}") = "Learning04", "prepare\Learning04\Learning04.csproj", "{A61E3C82-63A7-40A5-9570-88598332C99D}"
EndProject
Project("{9A19103F-16F7-4668-BE54-9A1E7A4F7556}") = "Learning05", "prepare\Learning05\Learning05.csproj", "{AD4A803A-7A95-4E0F-8AB1-AE1E99A10FD9}"
EndProject
Project("{2150E333-8FDC-42A3-9474-1A3956D46DE8}") = "prove", "prove", "{FBC18906-71EA-4F41-B5CA-C95CEE6BCC57}"
EndProject
Project("{9A19103F-16F7-4668-BE54-9A1E7A4F7556}") = "Develop02", "prove\Develop02\Develop02.csproj", "{3BB5BE3C-7B2E-4996-B62F-FBB284B41A34}"
EndProject
Project("{9A19103F-16F7-4668-BE54-9A1E7A4F7556}") = "Develop03", "prove\Develop03\Develop03.csproj", "{9B2A4C43-3D3D-4971-A886-F4C021E7CA5B}"
EndProject
Project("{9A19103F-16F7-4668-BE54-9A1E7A4F7556}") = "Develop04", "prove\Develop04\Develop04.csproj", "{79E11C40-FFEB-4A67-B4C0-4F4932C9BF56}"
EndProject
Project("{9A19103F-16F7-4668-BE54-9A1E7A4F7556}") = "Develop05", "prove\Develop05\Develop05.csproj", "{07D54415-0D1F-483E-BDEC-974E80A72FC9}"
EndProject
Project("{2150E333-8FDC-42A3-9474-1A3956D46DE8}") = "sandbox", "sandbox", "{0978E7B1-2BAB-414C-BE6E-86D446943B0E}"
EndProject
Project("{9A19103F-16F7-4668-BE54-9A1E7A4F7556}") = "Sandbox", "sandbox\Sandbox\Sandbox.csproj", "{D562D71D-5B1A-43CC-A0F8-10DBF4E53FE4}"
EndProject
Global
	GlobalSection(SolutionConfigurationPlatforms) = preSolution
		Debug|Any CPU = Debug|Any CPU
		Release|Any CPU = Release|Any CPU
	EndGlobalSection
	GlobalSection(ProjectConfigurationPlatforms) = postSolution
		{43E1262F-092E-4468-98D1-88E8F623273A}.Debug|Any CPU.ActiveCfg = Debug|Any CPU
		{43E1262F-092E-4468-98D1-88E8F623273A}.Debug|Any CPU.Build.0 = Debug|Any CPU
		{43E1262F-092E-4468-98D1-88E8F623273A}.Release|Any CPU.ActiveCfg = Release|Any CPU
		{43E1262F-092E-4468-98D1-88E8F623273A}.Release|Any CPU.Build.0 = Release|Any CPU
		{23DAC926-05ED-4EE2-84B4-B581CF9CAE06}.Debug|Any CPU.ActiveCfg = Debug|Any CPU
		{23DAC926-05ED-4EE2-84B4-B581CF9CAE06}.Debug|Any CPU.Build.0 = Debug|Any CPU
		{23DAC926-05ED-4EE2-84B4-B581CF9CAE06}.Release|Any CPU.ActiveCfg = Release|Any CPU
		{23DAC926-05ED-4EE2-84B4-B581CF9CAE06}.Release|Any CPU.Build.0 = Release|Any CPU
		{C058134E-C0EF-4DD0-AF6F-15B170839447}.Debug|Any CPU.ActiveCfg = Debug|Any CPU
		{C058134E-C0EF-4DD0-AF6F-15B170839447}.Debug|Any CPU.Build.0 = Debug|Any CPU
		{C058134E-C0EF-4DD0-AF6F-15B170839447}.Release|Any CPU.ActiveCfg = Release|Any CPU
		{C058134E-C0EF-4DD0-AF6F-15B170839447}.Release|Any CPU.Build.0 = Release|Any CPU
		{E671D7CB-3D02-48B8-8CFE-366F749EB3A6}.Debug|Any CPU.ActiveCfg = Debug|Any CPU
		{E671D7CB-3D02-48B8-8CFE-366F749EB3A6}.Debug|Any CPU.Build.0 = Debug|Any CPU
		{E671D7CB-3D02-48B8-8CFE-366F749EB3A6}.Release|Any CPU.ActiveCfg = Release|Any CPU
		{E671D7CB-3D02-48B8-8CFE-366F749EB3A6}.Release|Any CPU.Build.0 = Release|Any CPU
		{E1EFAF68-7C26-4493-A787-E90FF54A2DF5}.Debug|Any CPU.ActiveCfg = Debug|Any CPU
		{E1EFAF68-7C26-4493-A787-E90FF54A2DF5}.Debug|Any CPU.Build.0 = Debug|Any CPU
		{E1EFAF68-7C26-4493-A787-E90FF54A2DF5}.Release|Any CPU.ActiveCfg = Release|Any CPU
		{E1EFAF68-7C26-4493-A787-E90FF54A2DF5}.Release|Any CPU.Build.0 = Release|Any CPU
		{F72B19EA-7E76-4E08-A753-9933BEA82B9D}.Debug|Any CPU.ActiveCfg = Debug|Any CPU
		{F72B19EA-7E76-4E08-A753-9933BEA82B9D}.Debug|Any CPU.Build.0 = Debug|Any CPU
		{F72B19EA-7E76-4E08-A753-9933BEA82B9D}.Release|Any CPU.ActiveCfg = Release|Any CPU
		{F72B19EA-7E76-4E08-A753-9933BEA82B9D}.Release|Any CPU.Build.0 = Release|Any CPU
		{245E6381-B73D-479B-9DEA-60B96E3F02E0}.Debug|Any CPU.ActiveCfg = Debug|Any CPU
		{245E6381-B73D-479B-9DEA-60B96E3F02E0}.Debug|Any CPU.Build.0 = Debug|Any CPU
		{245E6381-B73D-479B-9DEA-60B96E3F02E0}.Release|Any CPU.ActiveCfg = Release|Any CPU
		{245E6381-B73D-479B-9DEA-60B96E3F02E0}.Release|Any CPU.Build.0 = Release|Any CPU
		{51E56C2A-E5E1-44F0-9127-1ED06A7AE23C}.Debug|Any CPU.ActiveCfg = Debug|Any CPU
		{51E56C2A-E5E1-44F0-9127-1ED06A7AE23C}.Debug|Any CPU.Build.0 = Debug|Any CPU
		{51E56C2A-E5E1-44F0-9127-1ED06A7AE23C}.Release|Any CPU.ActiveCfg = Release|Any CPU
		{51E56C2A-E5E1-44F0-9127-1ED06A7AE23C}.Release|Any CPU.Build.0 = Release|Any CPU
		{4A122D30-4B84-4A13-AB05-71B8A8CA99C0}.Debug|Any CPU.ActiveCfg = Debug|Any CPU
		{4A122D30-4B84-4A13-AB05-71B8A8CA99C0}.Debug|Any CPU.Build.0 = Debug|Any CPU
		{4A122D30-4B84-4A13-AB05-71B8A8CA99C0}.Release|Any CPU.ActiveCfg = Release|Any CPU
		{4A122D30-4B84-4A13-AB05-71B8A8CA99C0}.Release|Any CPU.Build.0 = Release|Any CPU
		{471984FB-3FA5-47FA-B247-81B67911DD6C}.Debug|Any CPU.ActiveCfg = Debug|Any CPU
		{471984FB-3FA5-47FA-B247-81B67911DD6C}.Debug|Any CPU.Build.0 = Debug|Any CPU
		{471984FB-3FA5-47FA-B247-81B67911DD6C}.Release|Any CPU.ActiveCfg = Release|Any CPU
		{471984FB-3FA5-47FA-B247-81B67911DD6C}.Release|Any CPU.Build.0 = Release|Any CPU
		{53BC773F-26B9-4ACA-BA06-08FCD556EA9B}.Debug|Any CPU.ActiveCfg = Debug|Any CPU
		{53BC773F-26B9-4ACA-BA06-08FCD556EA9B}.Debug|Any CPU.Build.0 = Debug|Any CPU
		{53BC773F-26B9-4ACA-BA06-08FCD556EA9B}.Release|Any CPU.ActiveCfg = Release|Any CPU
		{53BC773F-26B9-4ACA-BA06-08FCD556EA9B}.Release|Any CPU.Build.0 = Release|Any CPU
		{9EA7E340-18D0-41F0-848C-56477DD01F41}.Debug|Any CPU.ActiveCfg = Debug|Any CPU
		{9EA7E340-18D0-41F0-848C-56477DD01F41}.Debug|Any CPU.Build.0 = Debug|Any CPU
		{9EA7E340-18D0-41F0-848C-56477DD01F41}.Release|Any CPU.ActiveCfg = Release|Any CPU
		{9EA7E340-18D0-41F0-848C-56477DD01F41}.Release|Any CPU.Build.0 = Release|Any CPU
		{A61E3C82-63A7-40A5-9570-88598332C99D}.Debug|Any CPU.ActiveCfg = Debug|Any CPU
		{A61E3C82-63A7-40A5-9570-88598332C99D}.Debug|Any CPU.Build.0 = Debug|Any CPU
		{A61E3C82-63A7-40A5-9570-88598332C99D}.Release|Any CPU.ActiveCfg = Release|Any CPU
		{A61E3C82-63A7-40A5-9570-88598332C99D}.Release|Any CPU.Build.0 = Release|Any CPU
		{AD4A803A-7A95-4E0F-8AB1-AE1E99A10FD9}.Debug|Any CPU.ActiveCfg = Debug|Any CPU
		{AD4A803A-7A95-4E0F-8AB1-AE1E99A10FD9}.Debug|Any CPU.Build.0 = Debug|Any CPU
		{AD4A803A-7A95-4E0F-8AB1-AE1E99A10FD9}.Release|Any CPU.ActiveCfg = Release|Any CPU
		{AD4A803A-7A95-4E0F-8AB1-AE1E99A10FD9}.Release|Any CPU.Build.0 = Release|Any CPU
		{3BB5BE3C-7B2E-4996-B62F-FBB284B41A34}.Debug|Any CPU.ActiveCfg = Debug|Any CPU
		{3BB5BE3C-7B2E-4996-B62F-FBB284B41A34}.Debug|Any CPU.Build.0 = Debug|Any CPU
		{3BB5BE3C-7B2E-4996-B62F-FBB284B41A34}.Release|Any CPU.ActiveCfg = Release|Any CPU
		{3BB5BE3C-7B2E-4996-B62F-FBB284B41A34}.Release|Any CPU.Build.0 = Release|Any CPU
		{9B2A4C43-3D3D-4971-A886-F4C021E7CA5B}.Debug|Any CPU.ActiveCfg = Debug|Any CPU
		{9B2A4C43-3D3D-4971-A886-F4C021E7CA5B}.Debug|Any CPU.Build.0 = Debug|Any CPU
		{9B2A4C43-3D3D-4971-A886-F4C021E7CA5B}.Release|Any CPU.ActiveCfg = Release|Any CPU
		{9B2A4C43-3D3D-4971-A886-F4C021E7CA5B}.Release|Any CPU.Build.0 = Release|Any CPU
		{79E11C40-FFEB-4A67-B4C0-4F4932C9BF56}.Debug|Any CPU.ActiveCfg = Debug|Any CPU
		{79E11C40-FFEB-4A67-B4C0-4F4932C9BF56}.Debug|Any CPU.Build.0 = Debug|Any CPU
		{79E11C40-FFEB-4A67-B4C0-4F4932C9BF56}.Release|Any CPU.ActiveCfg = Release|Any CPU
		{79E11C40-FFEB-4A67-B4C0-4F4932C9BF56}.Release|Any CPU.Build.0 = Release|Any CPU
		{07D54415-0D1F-483E-BDEC-974E80A72FC9}.Debug|Any CPU.ActiveCfg = Debug|Any CPU
		{07D54415-0D1F-483E-BDEC-974E80A72FC9}.Debug|Any CPU.Build.0 = Debug|Any CPU
		{07D54415-0D1F-483E-BDEC-974E80A72FC9}.Release|Any CPU.ActiveCfg = Release|Any CPU
		{07D54415-0D1F-483E-BDEC-974E80A72FC9}.Release|Any CPU.Build.0 = Release|Any CPU
		{D562D71D-5B1A-43CC-A0F8-10DBF4E53FE4}.Debug|Any CPU.ActiveCfg = Debug|Any CPU
		{D562D71D-5B1A-43CC-A0F8-10DBF4E53FE4}.Debug|Any CPU.Build.0 = Debug|Any CPU
		{D562D71D-5B1A-43CC-A0F8-10DBF4E53FE4}.Release|Any CPU.ActiveCfg = Release|Any CPU
		{D562D71D-5B1A-43CC-A0F8-10DBF4E53FE4}.Release|Any CPU.Build.0 = Release|Any CPU
	EndGlobalSection
	GlobalSection(SolutionProperties) = preSolution
		HideSolutionNode = FALSE
	EndGlobalSection
	GlobalSection(NestedProjects) = preSolution
		{43E1262F-092E-4468-98D1-88E8F623273A} = {B84A84FB-BE58-4AE1-A6C3-534869303DB2}
		{23DAC926-05ED-4EE2-84B4-B581CF9CAE06} = {B84A84FB-BE58-4AE1-A6C3-534869303DB2}
		{C058134E-C0EF-4DD0-AF6F-15B170839447} = {B84A84FB-BE58-4AE1-A6C3-534869303DB2}
		{E671D7CB-3D02-48B8-8CFE-366F749EB3A6} = {B84A84FB-BE58-4AE1-A6C3-534869303DB2}
		{E1EFAF68-7C26-4493-A787-E90FF54A2DF5} = {B84A84FB-BE58-4AE1-A6C3-534869303DB2}
		{F72B19EA-7E76-4E08-A753-9933BEA82B9D} = {CCEFFF1C-95AC-480B-BFDB-2BFDE7960772}
		{245E6381-B73D-479B-9DEA-60B96E3F02E0} = {CCEFFF1C-95AC-480B-BFDB-2BFDE7960772}
		{51E56C2A-E5E1-44F0-9127-1ED06A7AE23C} = {CCEFFF1C-95AC-480B-BFDB-2BFDE7960772}
		{4A122D30-4B84-4A13-AB05-71B8A8CA99C0} = {CCEFFF1C-95AC-480B-BFDB-2BFDE7960772}
		{471984FB-3FA5-47FA-B247-81B67911DD6C} = {CCEFFF1C-95AC-480B-BFDB-2BFDE7960772}
		{53BC773F-26B9-4ACA-BA06-08FCD556EA9B} = {31252BEF-69CD-4965-9D9E-AC2D57EDDFC2}
		{9EA7E340-18D0-41F0-848C-56477DD01F41} = {31252BEF-69CD-4965-9D9E-AC2D57EDDFC2}
		{A61E3C82-63A7-40A5-9570-88598332C99D} = {31252BEF-69CD-4965-9D9E-AC2D57EDDFC2}
		{AD4A803A-7A95-4E0F-8AB1-AE1E99A10FD9} = {31252BEF-69CD-4965-9D9E-AC2D57EDDFC2}
		{3BB5BE3C-7B2E-4996-B62F-FBB284B41A34} = {FBC18906-71EA-4F41-B5CA-C95CEE6BCC57}
		{9B2A4C43-3D3D-4971-A886-F4C021E7CA5B} = {FBC18906-71EA-4F41-B5CA-C95CEE6BCC57}
		{79E11C40-FFEB-4A67-B4C0-4F4932C9BF56} = {FBC18906-71EA-4F41-B5CA-C95CEE6BCC57}
		{07D54415-0D1F-483E-BDEC-974E80A72FC9} = {FBC18906-71EA-4F41-B5CA-C95CEE6BCC57}
		{D562D71D-5B1A-43CC-A0F8-10DBF4E53FE4} = {0978E7B1-2BAB-414C-BE6E-86D446943B0E}
	EndGlobalSection
	GlobalSection(ExtensibilityGlobals) = postSolution
		SolutionGuid = {6F0AEF51-927B-45C9-8AF1-58DB6E5829DD}
	EndGlobalSection
EndGlobal
